
Microsoft Visual Studio Solution File, Format Version 12.00
Project("{FAE04EC0-301F-11D3-BF4B-00C04F79EFBC}") = "Iris", "Iris\Iris.csproj", "{BB8BC772-410E-4F14-8C25-A938FD94DFA3}"
EndProject
Project("{2150E333-8FDC-42A3-9474-1A3956D46DE8}") = "Dependencies", "Dependencies", "{4A8397B3-CA4C-42A3-B14A-E547F861B25A}"
EndProject
Project("{FAE04EC0-301F-11D3-BF4B-00C04F79EFBC}") = "SdlSharp", "Dependencies\SdlSharp\src\SdlSharp\SdlSharp.csproj", "{064759D0-A66D-40B7-AC28-791813AFE6CA}"
EndProject
Project("{FAE04EC0-301F-11D3-BF4B-00C04F79EFBC}") = "Iris.TestApp", "Iris.TestApp\Iris.TestApp.csproj", "{ABA85B08-7B8B-4CCA-9F8D-A4C9150D2AB7}"
EndProject
Global
	GlobalSection(SolutionConfigurationPlatforms) = preSolution
		Debug|Any CPU = Debug|Any CPU
		Release|Any CPU = Release|Any CPU
	EndGlobalSection
	GlobalSection(ProjectConfigurationPlatforms) = postSolution
		{BB8BC772-410E-4F14-8C25-A938FD94DFA3}.Debug|Any CPU.ActiveCfg = Debug|Any CPU
		{BB8BC772-410E-4F14-8C25-A938FD94DFA3}.Debug|Any CPU.Build.0 = Debug|Any CPU
		{BB8BC772-410E-4F14-8C25-A938FD94DFA3}.Release|Any CPU.ActiveCfg = Release|Any CPU
		{BB8BC772-410E-4F14-8C25-A938FD94DFA3}.Release|Any CPU.Build.0 = Release|Any CPU
		{064759D0-A66D-40B7-AC28-791813AFE6CA}.Debug|Any CPU.ActiveCfg = Debug|Any CPU
		{064759D0-A66D-40B7-AC28-791813AFE6CA}.Debug|Any CPU.Build.0 = Debug|Any CPU
		{064759D0-A66D-40B7-AC28-791813AFE6CA}.Release|Any CPU.ActiveCfg = Release|Any CPU
		{064759D0-A66D-40B7-AC28-791813AFE6CA}.Release|Any CPU.Build.0 = Release|Any CPU
		{ABA85B08-7B8B-4CCA-9F8D-A4C9150D2AB7}.Debug|Any CPU.ActiveCfg = Debug|Any CPU
		{ABA85B08-7B8B-4CCA-9F8D-A4C9150D2AB7}.Debug|Any CPU.Build.0 = Debug|Any CPU
		{ABA85B08-7B8B-4CCA-9F8D-A4C9150D2AB7}.Release|Any CPU.ActiveCfg = Release|Any CPU
		{ABA85B08-7B8B-4CCA-9F8D-A4C9150D2AB7}.Release|Any CPU.Build.0 = Release|Any CPU
	EndGlobalSection
	GlobalSection(NestedProjects) = preSolution
		{064759D0-A66D-40B7-AC28-791813AFE6CA} = {4A8397B3-CA4C-42A3-B14A-E547F861B25A}
	EndGlobalSection
EndGlobal
